# THIS IS AN AUTOGENERATED FILE. DO NOT EDIT THIS FILE DIRECTLY.
# yarn lockfile v1


"@types/node@^12.7.11":
  version "12.7.11"
  resolved "https://registry.npm.taobao.org/@types/node/download/@types/node-12.7.11.tgz?cache=0&sync_timestamp=1570135074908&other_urls=https%3A%2F%2Fregistry.npm.taobao.org%2F%40types%2Fnode%2Fdownload%2F%40types%2Fnode-12.7.11.tgz#be879b52031cfb5d295b047f5462d8ef1a716446"
  integrity sha1-voebUgMc+10pWwR/VGLY7xpxZEY=

graphviz@^0.0.9:
  version "0.0.9"
  resolved "https://registry.npm.taobao.org/graphviz/download/graphviz-0.0.9.tgz#0bbf1df588c6a92259282da35323622528c4bbc4"
  integrity sha1-C78d9YjGqSJZKC2jUyNiJSjEu8Q=
  dependencies:
    temp "~0.4.0"

temp@~0.4.0:
  version "0.4.0"
  resolved "https://registry.npm.taobao.org/temp/download/temp-0.4.0.tgz#671ad63d57be0fe9d7294664b3fc400636678a60"
  integrity sha1-ZxrWPVe+D+nXKUZks/xABjZnimA=
